// !$*UTF8*$!
{
	archiveVersion = 1;
	classes = {
	};
	objectVersion = 77;
	objects = {

/* Begin PBXBuildFile section */
		6378CEE52D9E71D200D90C6B /* RxCocoa in Frameworks */ = {isa = PBXBuildFile; productRef = 6378CEE42D9E71D200D90C6B /* RxCocoa */; };
		6378CEE72D9E71D200D90C6B /* RxRelay in Frameworks */ = {isa = PBXBuildFile; productRef = 6378CEE62D9E71D200D90C6B /* RxRelay */; };
		6378CEE92D9E71D200D90C6B /* RxSwift in Frameworks */ = {isa = PBXBuildFile; productRef = 6378CEE82D9E71D200D90C6B /* RxSwift */; };
/* End PBXBuildFile section */

/* Begin PBXContainerItemProxy section */
		6378CEC12D9E703E00D90C6B /* PBXContainerItemProxy */ = {
			isa = PBXContainerItemProxy;
			containerPortal = 6378CEA22D9E703D00D90C6B /* Project object */;
			proxyType = 1;
			remoteGlobalIDString = 6378CEA92D9E703D00D90C6B;
			remoteInfo = RxCollectionViewStart;
		};
		6378CECB2D9E703E00D90C6B /* PBXContainerItemProxy */ = {
			isa = PBXContainerItemProxy;
			containerPortal = 6378CEA22D9E703D00D90C6B /* Project object */;
			proxyType = 1;
			remoteGlobalIDString = 6378CEA92D9E703D00D90C6B;
			remoteInfo = RxCollectionViewStart;
		};
/* End PBXContainerItemProxy section */

/* Begin PBXFileReference section */
		6378CEAA2D9E703D00D90C6B /* RxCollectionViewStart.app */ = {isa = PBXFileReference; explicitFileType = wrapper.application; includeInIndex = 0; path = RxCollectionViewStart.app; sourceTree = BUILT_PRODUCTS_DIR; };
		6378CEC02D9E703E00D90C6B /* RxCollectionViewStartTests.xctest */ = {isa = PBXFileReference; explicitFileType = wrapper.cfbundle; includeInIndex = 0; path = RxCollectionViewStartTests.xctest; sourceTree = BUILT_PRODUCTS_DIR; };
		6378CECA2D9E703E00D90C6B /* RxCollectionViewStartUITests.xctest */ = {isa = PBXFileReference; explicitFileType = wrapper.cfbundle; includeInIndex = 0; path = RxCollectionViewStartUITests.xctest; sourceTree = BUILT_PRODUCTS_DIR; };
/* End PBXFileReference section */

/* Begin PBXFileSystemSynchronizedBuildFileExceptionSet section */
		6378CED22D9E703E00D90C6B /* Exceptions for "RxCollectionViewStart" folder in "RxCollectionViewStart" target */ = {
			isa = PBXFileSystemSynchronizedBuildFileExceptionSet;
			membershipExceptions = (
				App/Info.plist,
			);
			target = 6378CEA92D9E703D00D90C6B /* RxCollectionViewStart */;
		};
/* End PBXFileSystemSynchronizedBuildFileExceptionSet section */

/* Begin PBXFileSystemSynchronizedRootGroup section */
		6378CEAC2D9E703D00D90C6B /* RxCollectionViewStart */ = {
			isa = PBXFileSystemSynchronizedRootGroup;
			exceptions = (
				6378CED22D9E703E00D90C6B /* Exceptions for "RxCollectionViewStart" folder in "RxCollectionViewStart" target */,
			);
			path = RxCollectionViewStart;
			sourceTree = "<group>";
		};
		6378CEC32D9E703E00D90C6B /* RxCollectionViewStartTests */ = {
			isa = PBXFileSystemSynchronizedRootGroup;
			path = RxCollectionViewStartTests;
			sourceTree = "<group>";
		};
		6378CECD2D9E703E00D90C6B /* RxCollectionViewStartUITests */ = {
			isa = PBXFileSystemSynchronizedRootGroup;
			path = RxCollectionViewStartUITests;
			sourceTree = "<group>";
		};
/* End PBXFileSystemSynchronizedRootGroup section */

/* Begin PBXFrameworksBuildPhase section */
		6378CEA72D9E703D00D90C6B /* Frameworks */ = {
			isa = PBXFrameworksBuildPhase;
			buildActionMask = 2147483647;
			files = (
				6378CEE92D9E71D200D90C6B /* RxSwift in Frameworks */,
				6378CEE72D9E71D200D90C6B /* RxRelay in Frameworks */,
				6378CEE52D9E71D200D90C6B /* RxCocoa in Frameworks */,
			);
			runOnlyForDeploymentPostprocessing = 0;
		};
		6378CEBD2D9E703E00D90C6B /* Frameworks */ = {
			isa = PBXFrameworksBuildPhase;
			buildActionMask = 2147483647;
			files = (
			);
			runOnlyForDeploymentPostprocessing = 0;
		};
		6378CEC72D9E703E00D90C6B /* Frameworks */ = {
			isa = PBXFrameworksBuildPhase;
			buildActionMask = 2147483647;
			files = (
			);
			runOnlyForDeploymentPostprocessing = 0;
		};
/* End PBXFrameworksBuildPhase section */

/* Begin PBXGroup section */
		6378CEA12D9E703D00D90C6B = {
			isa = PBXGroup;
			children = (
				6378CEAC2D9E703D00D90C6B /* RxCollectionViewStart */,
				6378CEC32D9E703E00D90C6B /* RxCollectionViewStartTests */,
				6378CECD2D9E703E00D90C6B /* RxCollectionViewStartUITests */,
				6378CEAB2D9E703D00D90C6B /* Products */,
			);
			sourceTree = "<group>";
		};
		6378CEAB2D9E703D00D90C6B /* Products */ = {
			isa = PBXGroup;
			children = (
				6378CEAA2D9E703D00D90C6B /* RxCollectionViewStart.app */,
				6378CEC02D9E703E00D90C6B /* RxCollectionViewStartTests.xctest */,
				6378CECA2D9E703E00D90C6B /* RxCollectionViewStartUITests.xctest */,
			);
			name = Products;
			sourceTree = "<group>";
		};
/* End PBXGroup section */

/* Begin PBXNativeTarget section */
		6378CEA92D9E703D00D90C6B /* RxCollectionViewStart */ = {
			isa = PBXNativeTarget;
			buildConfigurationList = 6378CED32D9E703E00D90C6B /* Build configuration list for PBXNativeTarget "RxCollectionViewStart" */;
			buildPhases = (
				6378CEA62D9E703D00D90C6B /* Sources */,
				6378CEA72D9E703D00D90C6B /* Frameworks */,
				6378CEA82D9E703D00D90C6B /* Resources */,
			);
			buildRules = (
			);
			dependencies = (
			);
			fileSystemSynchronizedGroups = (
				6378CEAC2D9E703D00D90C6B /* RxCollectionViewStart */,
			);
			name = RxCollectionViewStart;
			packageProductDependencies = (
				6378CEE42D9E71D200D90C6B /* RxCocoa */,
				6378CEE62D9E71D200D90C6B /* RxRelay */,
				6378CEE82D9E71D200D90C6B /* RxSwift */,
			);
			productName = RxCollectionViewStart;
			productReference = 6378CEAA2D9E703D00D90C6B /* RxCollectionViewStart.app */;
			productType = "com.apple.product-type.application";
		};
		6378CEBF2D9E703E00D90C6B /* RxCollectionViewStartTests */ = {
			isa = PBXNativeTarget;
			buildConfigurationList = 6378CED82D9E703E00D90C6B /* Build configuration list for PBXNativeTarget "RxCollectionViewStartTests" */;
			buildPhases = (
				6378CEBC2D9E703E00D90C6B /* Sources */,
				6378CEBD2D9E703E00D90C6B /* Frameworks */,
				6378CEBE2D9E703E00D90C6B /* Resources */,
			);
			buildRules = (
			);
			dependencies = (
				6378CEC22D9E703E00D90C6B /* PBXTargetDependency */,
			);
			fileSystemSynchronizedGroups = (
				6378CEC32D9E703E00D90C6B /* RxCollectionViewStartTests */,
			);
			name = RxCollectionViewStartTests;
			packageProductDependencies = (
			);
			productName = RxCollectionViewStartTests;
			productReference = 6378CEC02D9E703E00D90C6B /* RxCollectionViewStartTests.xctest */;
			productType = "com.apple.product-type.bundle.unit-test";
		};
		6378CEC92D9E703E00D90C6B /* RxCollectionViewStartUITests */ = {
			isa = PBXNativeTarget;
			buildConfigurationList = 6378CEDB2D9E703E00D90C6B /* Build configuration list for PBXNativeTarget "RxCollectionViewStartUITests" */;
			buildPhases = (
				6378CEC62D9E703E00D90C6B /* Sources */,
				6378CEC72D9E703E00D90C6B /* Frameworks */,
				6378CEC82D9E703E00D90C6B /* Resources */,
			);
			buildRules = (
			);
			dependencies = (
				6378CECC2D9E703E00D90C6B /* PBXTargetDependency */,
			);
			fileSystemSynchronizedGroups = (
				6378CECD2D9E703E00D90C6B /* RxCollectionViewStartUITests */,
			);
			name = RxCollectionViewStartUITests;
			packageProductDependencies = (
			);
			productName = RxCollectionViewStartUITests;
			productReference = 6378CECA2D9E703E00D90C6B /* RxCollectionViewStartUITests.xctest */;
			productType = "com.apple.product-type.bundle.ui-testing";
		};
/* End PBXNativeTarget section */

/* Begin PBXProject section */
		6378CEA22D9E703D00D90C6B /* Project object */ = {
			isa = PBXProject;
			attributes = {
				BuildIndependentTargetsInParallel = 1;
				LastSwiftUpdateCheck = 1620;
				LastUpgradeCheck = 1620;
				TargetAttributes = {
					6378CEA92D9E703D00D90C6B = {
						CreatedOnToolsVersion = 16.2;
					};
					6378CEBF2D9E703E00D90C6B = {
						CreatedOnToolsVersion = 16.2;
						TestTargetID = 6378CEA92D9E703D00D90C6B;
					};
					6378CEC92D9E703E00D90C6B = {
						CreatedOnToolsVersion = 16.2;
						TestTargetID = 6378CEA92D9E703D00D90C6B;
					};
				};
			};
			buildConfigurationList = 6378CEA52D9E703D00D90C6B /* Build configuration list for PBXProject "RxCollectionViewStart" */;
			developmentRegion = en;
			hasScannedForEncodings = 0;
			knownRegions = (
				en,
				Base,
			);
			mainGroup = 6378CEA12D9E703D00D90C6B;
			minimizedProjectReferenceProxies = 1;
			packageReferences = (
				6378CEE32D9E71D200D90C6B /* XCRemoteSwiftPackageReference "RxSwift" */,
			);
			preferredProjectObjectVersion = 77;
			productRefGroup = 6378CEAB2D9E703D00D90C6B /* Products */;
			projectDirPath = "";
			projectRoot = "";
			targets = (
				6378CEA92D9E703D00D90C6B /* RxCollectionViewStart */,
				6378CEBF2D9E703E00D90C6B /* RxCollectionViewStartTests */,
				6378CEC92D9E703E00D90C6B /* RxCollectionViewStartUITests */,
			);
		};
/* End PBXProject section */

/* Begin PBXResourcesBuildPhase section */
		6378CEA82D9E703D00D90C6B /* Resources */ = {
			isa = PBXResourcesBuildPhase;
			buildActionMask = 2147483647;
			files = (
			);
			runOnlyForDeploymentPostprocessing = 0;
		};
		6378CEBE2D9E703E00D90C6B /* Resources */ = {
			isa = PBXResourcesBuildPhase;
			buildActionMask = 2147483647;
			files = (
			);
			runOnlyForDeploymentPostprocessing = 0;
		};
		6378CEC82D9E703E00D90C6B /* Resources */ = {
			isa = PBXResourcesBuildPhase;
			buildActionMask = 2147483647;
			files = (
			);
			runOnlyForDeploymentPostprocessing = 0;
		};
/* End PBXResourcesBuildPhase section */

/* Begin PBXSourcesBuildPhase section */
		6378CEA62D9E703D00D90C6B /* Sources */ = {
			isa = PBXSourcesBuildPhase;
			buildActionMask = 2147483647;
			files = (
			);
			runOnlyForDeploymentPostprocessing = 0;
		};
		6378CEBC2D9E703E00D90C6B /* Sources */ = {
			isa = PBXSourcesBuildPhase;
			buildActionMask = 2147483647;
			files = (
			);
			runOnlyForDeploymentPostprocessing = 0;
		};
		6378CEC62D9E703E00D90C6B /* Sources */ = {
			isa = PBXSourcesBuildPhase;
			buildActionMask = 2147483647;
			files = (
			);
			runOnlyForDeploymentPostprocessing = 0;
		};
/* End PBXSourcesBuildPhase section */

/* Begin PBXTargetDependency section */
		6378CEC22D9E703E00D90C6B /* PBXTargetDependency */ = {
			isa = PBXTargetDependency;
			target = 6378CEA92D9E703D00D90C6B /* RxCollectionViewStart */;
			targetProxy = 6378CEC12D9E703E00D90C6B /* PBXContainerItemProxy */;
		};
		6378CECC2D9E703E00D90C6B /* PBXTargetDependency */ = {
			isa = PBXTargetDependency;
			target = 6378CEA92D9E703D00D90C6B /* RxCollectionViewStart */;
			targetProxy = 6378CECB2D9E703E00D90C6B /* PBXContainerItemProxy */;
		};
/* End PBXTargetDependency section */

/* Begin XCBuildConfiguration section */
		6378CED42D9E703E00D90C6B /* Debug */ = {
			isa = XCBuildConfiguration;
			buildSettings = {
				ASSETCATALOG_COMPILER_APPICON_NAME = AppIcon;
				ASSETCATALOG_COMPILER_GLOBAL_ACCENT_COLOR_NAME = AccentColor;
				CODE_SIGN_STYLE = Automatic;
				CURRENT_PROJECT_VERSION = 1;
				DEVELOPMENT_TEAM = 3W9F68ZTUJ;
				GENERATE_INFOPLIST_FILE = YES;
				INFOPLIST_FILE = RxCollectionViewStart/Info.plist;
				INFOPLIST_KEY_UIApplicationSupportsIndirectInputEvents = YES;
				INFOPLIST_KEY_UILaunchStoryboardName = LaunchScreen;
				INFOPLIST_KEY_UISupportedInterfaceOrientations_iPad = "UIInterfaceOrientationPortrait UIInterfaceOrientationPortraitUpsideDown UIInterfaceOrientationLandscapeLeft UIInterfaceOrientationLandscapeRight";
				INFOPLIST_KEY_UISupportedInterfaceOrientations_iPhone = "UIInterfaceOrientationPortrait UIInterfaceOrientationLandscapeLeft UIInterfaceOrientationLandscapeRight";
				LD_RUNPATH_SEARCH_PATHS = (
					"$(inherited)",
					"@executable_path/Frameworks",
				);
				MARKETING_VERSION = 1.0;
				PRODUCT_BUNDLE_IDENTIFIER = com.arpple.tistory.RxCollectionViewStart;
				PRODUCT_NAME = "$(TARGET_NAME)";
				SWIFT_EMIT_LOC_STRINGS = YES;
				SWIFT_VERSION = 5.0;
				TARGETED_DEVICE_FAMILY = "1,2";
			};
			name = Debug;
		};
		6378CED52D9E703E00D90C6B /* Release */ = {
			isa = XCBuildConfiguration;
			buildSettings = {
				ASSETCATALOG_COMPILER_APPICON_NAME = AppIcon;
				ASSETCATALOG_COMPILER_GLOBAL_ACCENT_COLOR_NAME = AccentColor;
				CODE_SIGN_STYLE = Automatic;
				CURRENT_PROJECT_VERSION = 1;
				DEVELOPMENT_TEAM = 3W9F68ZTUJ;
				GENERATE_INFOPLIST_FILE = YES;
				INFOPLIST_FILE = RxCollectionViewStart/Info.plist;
				INFOPLIST_KEY_UIApplicationSupportsIndirectInputEvents = YES;
				INFOPLIST_KEY_UILaunchStoryboardName = LaunchScreen;
				INFOPLIST_KEY_UISupportedInterfaceOrientations_iPad = "UIInterfaceOrientationPortrait UIInterfaceOrientationPortraitUpsideDown UIInterfaceOrientationLandscapeLeft UIInterfaceOrientationLandscapeRight";
				INFOPLIST_KEY_UISupportedInterfaceOrientations_iPhone = "UIInterfaceOrientationPortrait UIInterfaceOrientationLandscapeLeft UIInterfaceOrientationLandscapeRight";
				LD_RUNPATH_SEARCH_PATHS = (
					"$(inherited)",
					"@executable_path/Frameworks",
				);
				MARKETING_VERSION = 1.0;
				PRODUCT_BUNDLE_IDENTIFIER = com.arpple.tistory.RxCollectionViewStart;
				PRODUCT_NAME = "$(TARGET_NAME)";
				SWIFT_EMIT_LOC_STRINGS = YES;
				SWIFT_VERSION = 5.0;
				TARGETED_DEVICE_FAMILY = "1,2";
			};
			name = Release;
		};
		6378CED62D9E703E00D90C6B /* Debug */ = {
			isa = XCBuildConfiguration;
			buildSettings = {
				ALWAYS_SEARCH_USER_PATHS = NO;
				ASSETCATALOG_COMPILER_GENERATE_SWIFT_ASSET_SYMBOL_EXTENSIONS = YES;
				CLANG_ANALYZER_NONNULL = YES;
				CLANG_ANALYZER_NUMBER_OBJECT_CONVERSION = YES_AGGRESSIVE;
				CLANG_CXX_LANGUAGE_STANDARD = "gnu++20";
				CLANG_ENABLE_MODULES = YES;
				CLANG_ENABLE_OBJC_ARC = YES;
				CLANG_ENABLE_OBJC_WEAK = YES;
				CLANG_WARN_BLOCK_CAPTURE_AUTORELEASING = YES;
				CLANG_WARN_BOOL_CONVERSION = YES;
				CLANG_WARN_COMMA = YES;
				CLANG_WARN_CONSTANT_CONVERSION = YES;
				CLANG_WARN_DEPRECATED_OBJC_IMPLEMENTATIONS = YES;
				CLANG_WARN_DIRECT_OBJC_ISA_USAGE = YES_ERROR;
				CLANG_WARN_DOCUMENTATION_COMMENTS = YES;
				CLANG_WARN_EMPTY_BODY = YES;
				CLANG_WARN_ENUM_CONVERSION = YES;
				CLANG_WARN_INFINITE_RECURSION = YES;
				CLANG_WARN_INT_CONVERSION = YES;
				CLANG_WARN_NON_LITERAL_NULL_CONVERSION = YES;
				CLANG_WARN_OBJC_IMPLICIT_RETAIN_SELF = YES;
				CLANG_WARN_OBJC_LITERAL_CONVERSION = YES;
				CLANG_WARN_OBJC_ROOT_CLASS = YES_ERROR;
				CLANG_WARN_QUOTED_INCLUDE_IN_FRAMEWORK_HEADER = YES;
				CLANG_WARN_RANGE_LOOP_ANALYSIS = YES;
				CLANG_WARN_STRICT_PROTOTYPES = YES;
				CLANG_WARN_SUSPICIOUS_MOVE = YES;
				CLANG_WARN_UNGUARDED_AVAILABILITY = YES_AGGRESSIVE;
				CLANG_WARN_UNREACHABLE_CODE = YES;
				CLANG_WARN__DUPLICATE_METHOD_MATCH = YES;
				COPY_PHASE_STRIP = NO;
				DEBUG_INFORMATION_FORMAT = dwarf;
				ENABLE_STRICT_OBJC_MSGSEND = YES;
				ENABLE_TESTABILITY = YES;
				ENABLE_USER_SCRIPT_SANDBOXING = YES;
				GCC_C_LANGUAGE_STANDARD = gnu17;
				GCC_DYNAMIC_NO_PIC = NO;
				GCC_NO_COMMON_BLOCKS = YES;
				GCC_OPTIMIZATION_LEVEL = 0;
				GCC_PREPROCESSOR_DEFINITIONS = (
					"DEBUG=1",
					"$(inherited)",
				);
				GCC_WARN_64_TO_32_BIT_CONVERSION = YES;
				GCC_WARN_ABOUT_RETURN_TYPE = YES_ERROR;
				GCC_WARN_UNDECLARED_SELECTOR = YES;
				GCC_WARN_UNINITIALIZED_AUTOS = YES_AGGRESSIVE;
				GCC_WARN_UNUSED_FUNCTION = YES;
				GCC_WARN_UNUSED_VARIABLE = YES;
				IPHONEOS_DEPLOYMENT_TARGET = 18.2;
				LOCALIZATION_PREFERS_STRING_CATALOGS = YES;
				MTL_ENABLE_DEBUG_INFO = INCLUDE_SOURCE;
				MTL_FAST_MATH = YES;
				ONLY_ACTIVE_ARCH = YES;
				SDKROOT = iphoneos;
				SWIFT_ACTIVE_COMPILATION_CONDITIONS = "DEBUG $(inherited)";
				SWIFT_OPTIMIZATION_LEVEL = "-Onone";
			};
			name = Debug;
		};
		6378CED72D9E703E00D90C6B /* Release */ = {
			isa = XCBuildConfiguration;
			buildSettings = {
				ALWAYS_SEARCH_USER_PATHS = NO;
				ASSETCATALOG_COMPILER_GENERATE_SWIFT_ASSET_SYMBOL_EXTENSIONS = YES;
				CLANG_ANALYZER_NONNULL = YES;
				CLANG_ANALYZER_NUMBER_OBJECT_CONVERSION = YES_AGGRESSIVE;
				CLANG_CXX_LANGUAGE_STANDARD = "gnu++20";
				CLANG_ENABLE_MODULES = YES;
				CLANG_ENABLE_OBJC_ARC = YES;
				CLANG_ENABLE_OBJC_WEAK = YES;
				CLANG_WARN_BLOCK_CAPTURE_AUTORELEASING = YES;
				CLANG_WARN_BOOL_CONVERSION = YES;
				CLANG_WARN_COMMA = YES;
				CLANG_WARN_CONSTANT_CONVERSION = YES;
				CLANG_WARN_DEPRECATED_OBJC_IMPLEMENTATIONS = YES;
				CLANG_WARN_DIRECT_OBJC_ISA_USAGE = YES_ERROR;
				CLANG_WARN_DOCUMENTATION_COMMENTS = YES;
				CLANG_WARN_EMPTY_BODY = YES;
				CLANG_WARN_ENUM_CONVERSION = YES;
				CLANG_WARN_INFINITE_RECURSION = YES;
				CLANG_WARN_INT_CONVERSION = YES;
				CLANG_WARN_NON_LITERAL_NULL_CONVERSION = YES;
				CLANG_WARN_OBJC_IMPLICIT_RETAIN_SELF = YES;
				CLANG_WARN_OBJC_LITERAL_CONVERSION = YES;
				CLANG_WARN_OBJC_ROOT_CLASS = YES_ERROR;
				CLANG_WARN_QUOTED_INCLUDE_IN_FRAMEWORK_HEADER = YES;
				CLANG_WARN_RANGE_LOOP_ANALYSIS = YES;
				CLANG_WARN_STRICT_PROTOTYPES = YES;
				CLANG_WARN_SUSPICIOUS_MOVE = YES;
				CLANG_WARN_UNGUARDED_AVAILABILITY = YES_AGGRESSIVE;
				CLANG_WARN_UNREACHABLE_CODE = YES;
				CLANG_WARN__DUPLICATE_METHOD_MATCH = YES;
				COPY_PHASE_STRIP = NO;
				DEBUG_INFORMATION_FORMAT = "dwarf-with-dsym";
				ENABLE_NS_ASSERTIONS = NO;
				ENABLE_STRICT_OBJC_MSGSEND = YES;
				ENABLE_USER_SCRIPT_SANDBOXING = YES;
				GCC_C_LANGUAGE_STANDARD = gnu17;
				GCC_NO_COMMON_BLOCKS = YES;
				GCC_WARN_64_TO_32_BIT_CONVERSION = YES;
				GCC_WARN_ABOUT_RETURN_TYPE = YES_ERROR;
				GCC_WARN_UNDECLARED_SELECTOR = YES;
				GCC_WARN_UNINITIALIZED_AUTOS = YES_AGGRESSIVE;
				GCC_WARN_UNUSED_FUNCTION = YES;
				GCC_WARN_UNUSED_VARIABLE = YES;
				IPHONEOS_DEPLOYMENT_TARGET = 18.2;
				LOCALIZATION_PREFERS_STRING_CATALOGS = YES;
				MTL_ENABLE_DEBUG_INFO = NO;
				MTL_FAST_MATH = YES;
				SDKROOT = iphoneos;
				SWIFT_COMPILATION_MODE = wholemodule;
				VALIDATE_PRODUCT = YES;
			};
			name = Release;
		};
		6378CED92D9E703E00D90C6B /* Debug */ = {
			isa = XCBuildConfiguration;
			buildSettings = {
				BUNDLE_LOADER = "$(TEST_HOST)";
				CODE_SIGN_STYLE = Automatic;
				CURRENT_PROJECT_VERSION = 1;
				DEVELOPMENT_TEAM = 3W9F68ZTUJ;
				GENERATE_INFOPLIST_FILE = YES;
				IPHONEOS_DEPLOYMENT_TARGET = 18.2;
				MARKETING_VERSION = 1.0;
				PRODUCT_BUNDLE_IDENTIFIER = com.arpple.tistory.RxCollectionViewStartTests;
				PRODUCT_NAME = "$(TARGET_NAME)";
				SWIFT_EMIT_LOC_STRINGS = NO;
				SWIFT_VERSION = 5.0;
				TARGETED_DEVICE_FAMILY = "1,2";
				TEST_HOST = "$(BUILT_PRODUCTS_DIR)/RxCollectionViewStart.app/$(BUNDLE_EXECUTABLE_FOLDER_PATH)/RxCollectionViewStart";
			};
			name = Debug;
		};
		6378CEDA2D9E703E00D90C6B /* Release */ = {
			isa = XCBuildConfiguration;
			buildSettings = {
				BUNDLE_LOADER = "$(TEST_HOST)";
				CODE_SIGN_STYLE = Automatic;
				CURRENT_PROJECT_VERSION = 1;
				DEVELOPMENT_TEAM = 3W9F68ZTUJ;
				GENERATE_INFOPLIST_FILE = YES;
				IPHONEOS_DEPLOYMENT_TARGET = 18.2;
				MARKETING_VERSION = 1.0;
				PRODUCT_BUNDLE_IDENTIFIER = com.arpple.tistory.RxCollectionViewStartTests;
				PRODUCT_NAME = "$(TARGET_NAME)";
				SWIFT_EMIT_LOC_STRINGS = NO;
				SWIFT_VERSION = 5.0;
				TARGETED_DEVICE_FAMILY = "1,2";
				TEST_HOST = "$(BUILT_PRODUCTS_DIR)/RxCollectionViewStart.app/$(BUNDLE_EXECUTABLE_FOLDER_PATH)/RxCollectionViewStart";
			};
			name = Release;
		};
		6378CEDC2D9E703E00D90C6B /* Debug */ = {
			isa = XCBuildConfiguration;
			buildSettings = {
				CODE_SIGN_STYLE = Automatic;
				CURRENT_PROJECT_VERSION = 1;
				DEVELOPMENT_TEAM = 3W9F68ZTUJ;
				GENERATE_INFOPLIST_FILE = YES;
				MARKETING_VERSION = 1.0;
				PRODUCT_BUNDLE_IDENTIFIER = com.arpple.tistory.RxCollectionViewStartUITests;
				PRODUCT_NAME = "$(TARGET_NAME)";
				SWIFT_EMIT_LOC_STRINGS = NO;
				SWIFT_VERSION = 5.0;
				TARGETED_DEVICE_FAMILY = "1,2";
				TEST_TARGET_NAME = RxCollectionViewStart;
			};
			name = Debug;
		};
		6378CEDD2D9E703E00D90C6B /* Release */ = {
			isa = XCBuildConfiguration;
			buildSettings = {
				CODE_SIGN_STYLE = Automatic;
				CURRENT_PROJECT_VERSION = 1;
				DEVELOPMENT_TEAM = 3W9F68ZTUJ;
				GENERATE_INFOPLIST_FILE = YES;
				MARKETING_VERSION = 1.0;
				PRODUCT_BUNDLE_IDENTIFIER = com.arpple.tistory.RxCollectionViewStartUITests;
				PRODUCT_NAME = "$(TARGET_NAME)";
				SWIFT_EMIT_LOC_STRINGS = NO;
				SWIFT_VERSION = 5.0;
				TARGETED_DEVICE_FAMILY = "1,2";
				TEST_TARGET_NAME = RxCollectionViewStart;
			};
			name = Release;
		};
/* End XCBuildConfiguration section */

/* Begin XCConfigurationList section */
		6378CEA52D9E703D00D90C6B /* Build configuration list for PBXProject "RxCollectionViewStart" */ = {
			isa = XCConfigurationList;
			buildConfigurations = (
				6378CED62D9E703E00D90C6B /* Debug */,
				6378CED72D9E703E00D90C6B /* Release */,
			);
			defaultConfigurationIsVisible = 0;
			defaultConfigurationName = Release;
		};
		6378CED32D9E703E00D90C6B /* Build configuration list for PBXNativeTarget "RxCollectionViewStart" */ = {
			isa = XCConfigurationList;
			buildConfigurations = (
				6378CED42D9E703E00D90C6B /* Debug */,
				6378CED52D9E703E00D90C6B /* Release */,
			);
			defaultConfigurationIsVisible = 0;
			defaultConfigurationName = Release;
		};
		6378CED82D9E703E00D90C6B /* Build configuration list for PBXNativeTarget "RxCollectionViewStartTests" */ = {
			isa = XCConfigurationList;
			buildConfigurations = (
				6378CED92D9E703E00D90C6B /* Debug */,
				6378CEDA2D9E703E00D90C6B /* Release */,
			);
			defaultConfigurationIsVisible = 0;
			defaultConfigurationName = Release;
		};
		6378CEDB2D9E703E00D90C6B /* Build configuration list for PBXNativeTarget "RxCollectionViewStartUITests" */ = {
			isa = XCConfigurationList;
			buildConfigurations = (
				6378CEDC2D9E703E00D90C6B /* Debug */,
				6378CEDD2D9E703E00D90C6B /* Release */,
			);
			defaultConfigurationIsVisible = 0;
			defaultConfigurationName = Release;
		};
/* End XCConfigurationList section */

/* Begin XCRemoteSwiftPackageReference section */
		6378CEE32D9E71D200D90C6B /* XCRemoteSwiftPackageReference "RxSwift" */ = {
			isa = XCRemoteSwiftPackageReference;
			repositoryURL = "https://github.com/ReactiveX/RxSwift.git";
			requirement = {
				kind = upToNextMajorVersion;
				minimumVersion = 6.9.0;
			};
		};
/* End XCRemoteSwiftPackageReference section */

/* Begin XCSwiftPackageProductDependency section */
		6378CEE42D9E71D200D90C6B /* RxCocoa */ = {
			isa = XCSwiftPackageProductDependency;
			package = 6378CEE32D9E71D200D90C6B /* XCRemoteSwiftPackageReference "RxSwift" */;
			productName = RxCocoa;
		};
		6378CEE62D9E71D200D90C6B /* RxRelay */ = {
			isa = XCSwiftPackageProductDependency;
			package = 6378CEE32D9E71D200D90C6B /* XCRemoteSwiftPackageReference "RxSwift" */;
			productName = RxRelay;
		};
		6378CEE82D9E71D200D90C6B /* RxSwift */ = {
			isa = XCSwiftPackageProductDependency;
			package = 6378CEE32D9E71D200D90C6B /* XCRemoteSwiftPackageReference "RxSwift" */;
			productName = RxSwift;
		};
/* End XCSwiftPackageProductDependency section */
	};
	rootObject = 6378CEA22D9E703D00D90C6B /* Project object */;
}
